
Microsoft Visual Studio Solution File, Format Version 12.00
# Visual Studio Version 17
VisualStudioVersion = 17.3.32929.385
MinimumVisualStudioVersion = 10.0.40219.1
Project("{FAE04EC0-301F-11D3-BF4B-00C04F79EFBC}") = "Movies.Web", "Movies.Web\Movies.Web.csproj", "{3642590B-B25D-4D8D-B036-660FEBAB25F3}"
EndProject
Project("{FAE04EC0-301F-11D3-BF4B-00C04F79EFBC}") = "Movies.Core", "Movies.Core\Movies.Core.csproj", "{D3B619C1-9E4E-4353-9F58-E9E00A343D38}"
EndProject
Global
	GlobalSection(SolutionConfigurationPlatforms) = preSolution
		Debug|Any CPU = Debug|Any CPU
		Release|Any CPU = Release|Any CPU
	EndGlobalSection
	GlobalSection(ProjectConfigurationPlatforms) = postSolution
		{3642590B-B25D-4D8D-B036-660FEBAB25F3}.Debug|Any CPU.ActiveCfg = Debug|Any CPU
		{3642590B-B25D-4D8D-B036-660FEBAB25F3}.Debug|Any CPU.Build.0 = Debug|Any CPU
		{3642590B-B25D-4D8D-B036-660FEBAB25F3}.Release|Any CPU.ActiveCfg = Release|Any CPU
		{3642590B-B25D-4D8D-B036-660FEBAB25F3}.Release|Any CPU.Build.0 = Release|Any CPU
		{D3B619C1-9E4E-4353-9F58-E9E00A343D38}.Debug|Any CPU.ActiveCfg = Debug|Any CPU
		{D3B619C1-9E4E-4353-9F58-E9E00A343D38}.Debug|Any CPU.Build.0 = Debug|Any CPU
		{D3B619C1-9E4E-4353-9F58-E9E00A343D38}.Release|Any CPU.ActiveCfg = Release|Any CPU
		{D3B619C1-9E4E-4353-9F58-E9E00A343D38}.Release|Any CPU.Build.0 = Release|Any CPU
	EndGlobalSection
	GlobalSection(SolutionProperties) = preSolution
		HideSolutionNode = FALSE
	EndGlobalSection
	GlobalSection(ExtensibilityGlobals) = postSolution
		SolutionGuid = {852CD6BD-7251-4CA2-9725-2CB86CF54C9F}
	EndGlobalSection
EndGlobal
